// !$*UTF8*$!
{
	archiveVersion = 1;
	classes = {
	};
	objectVersion = 46;
	objects = {

/* Begin PBXBuildFile section */
		D675B0D61BC1267A0047685A /* main.m in Sources */ = {isa = PBXBuildFile; fileRef = D675B0D51BC1267A0047685A /* main.m */; };
		D675B0D91BC1267A0047685A /* AppDelegate.m in Sources */ = {isa = PBXBuildFile; fileRef = D675B0D81BC1267A0047685A /* AppDelegate.m */; };
		D675B0DC1BC1267A0047685A /* ViewController.m in Sources */ = {isa = PBXBuildFile; fileRef = D675B0DB1BC1267A0047685A /* ViewController.m */; };
		D675B0DF1BC1267A0047685A /* Main.storyboard in Resources */ = {isa = PBXBuildFile; fileRef = D675B0DD1BC1267A0047685A /* Main.storyboard */; };
		D675B0E11BC1267A0047685A /* Images.xcassets in Resources */ = {isa = PBXBuildFile; fileRef = D675B0E01BC1267A0047685A /* Images.xcassets */; };
		D675B0E41BC1267A0047685A /* LaunchScreen.xib in Resources */ = {isa = PBXBuildFile; fileRef = D675B0E21BC1267A0047685A /* LaunchScreen.xib */; };
		D675B0F01BC1267A0047685A /* pushTests.m in Sources */ = {isa = PBXBuildFile; fileRef = D675B0EF1BC1267A0047685A /* pushTests.m */; };
/* End PBXBuildFile section */

/* Begin PBXContainerItemProxy section */
		D675B0EA1BC1267A0047685A /* PBXContainerItemProxy */ = {
			isa = PBXContainerItemProxy;
			containerPortal = D675B0C81BC1267A0047685A /* Project object */;
			proxyType = 1;
			remoteGlobalIDString = D675B0CF1BC1267A0047685A;
			remoteInfo = push;
		};
/* End PBXContainerItemProxy section */

/* Begin PBXFileReference section */
		D675B0D01BC1267A0047685A /* push.app */ = {isa = PBXFileReference; explicitFileType = wrapper.application; includeInIndex = 0; path = push.app; sourceTree = BUILT_PRODUCTS_DIR; };
		D675B0D41BC1267A0047685A /* Info.plist */ = {isa = PBXFileReference; lastKnownFileType = text.plist.xml; path = Info.plist; sourceTree = "<group>"; };
		D675B0D51BC1267A0047685A /* main.m */ = {isa = PBXFileReference; lastKnownFileType = sourcecode.c.objc; path = main.m; sourceTree = "<group>"; };
		D675B0D71BC1267A0047685A /* AppDelegate.h */ = {isa = PBXFileReference; lastKnownFileType = sourcecode.c.h; path = AppDelegate.h; sourceTree = "<group>"; };
		D675B0D81BC1267A0047685A /* AppDelegate.m */ = {isa = PBXFileReference; lastKnownFileType = sourcecode.c.objc; path = AppDelegate.m; sourceTree = "<group>"; };
		D675B0DA1BC1267A0047685A /* ViewController.h */ = {isa = PBXFileReference; lastKnownFileType = sourcecode.c.h; path = ViewController.h; sourceTree = "<group>"; };
		D675B0DB1BC1267A0047685A /* ViewController.m */ = {isa = PBXFileReference; lastKnownFileType = sourcecode.c.objc; path = ViewController.m; sourceTree = "<group>"; };
		D675B0DE1BC1267A0047685A /* Base */ = {isa = PBXFileReference; lastKnownFileType = file.storyboard; name = Base; path = Base.lproj/Main.storyboard; sourceTree = "<group>"; };
		D675B0E01BC1267A0047685A /* Images.xcassets */ = {isa = PBXFileReference; lastKnownFileType = folder.assetcatalog; path = Images.xcassets; sourceTree = "<group>"; };
		D675B0E31BC1267A0047685A /* Base */ = {isa = PBXFileReference; lastKnownFileType = file.xib; name = Base; path = Base.lproj/LaunchScreen.xib; sourceTree = "<group>"; };
		D675B0E91BC1267A0047685A /* pushTests.xctest */ = {isa = PBXFileReference; explicitFileType = wrapper.cfbundle; includeInIndex = 0; path = pushTests.xctest; sourceTree = BUILT_PRODUCTS_DIR; };
		D675B0EE1BC1267A0047685A /* Info.plist */ = {isa = PBXFileReference; lastKnownFileType = text.plist.xml; path = Info.plist; sourceTree = "<group>"; };
		D675B0EF1BC1267A0047685A /* pushTests.m */ = {isa = PBXFileReference; lastKnownFileType = sourcecode.c.objc; path = pushTests.m; sourceTree = "<group>"; };
/* End PBXFileReference section */

/* Begin PBXFrameworksBuildPhase section */
		D675B0CD1BC1267A0047685A /* Frameworks */ = {
			isa = PBXFrameworksBuildPhase;
			buildActionMask = 2147483647;
			files = (
			);
			runOnlyForDeploymentPostprocessing = 0;
		};
		D675B0E61BC1267A0047685A /* Frameworks */ = {
			isa = PBXFrameworksBuildPhase;
			buildActionMask = 2147483647;
			files = (
			);
			runOnlyForDeploymentPostprocessing = 0;
		};
/* End PBXFrameworksBuildPhase section */

/* Begin PBXGroup section */
		D675B0C71BC1267A0047685A = {
			isa = PBXGroup;
			children = (
				D675B0D21BC1267A0047685A /* push */,
				D675B0EC1BC1267A0047685A /* pushTests */,
				D675B0D11BC1267A0047685A /* Products */,
			);
			sourceTree = "<group>";
		};
		D675B0D11BC1267A0047685A /* Products */ = {
			isa = PBXGroup;
			children = (
				D675B0D01BC1267A0047685A /* push.app */,
				D675B0E91BC1267A0047685A /* pushTests.xctest */,
			);
			name = Products;
			sourceTree = "<group>";
		};
		D675B0D21BC1267A0047685A /* push */ = {
			isa = PBXGroup;
			children = (
				D675B0D71BC1267A0047685A /* AppDelegate.h */,
				D675B0D81BC1267A0047685A /* AppDelegate.m */,
				D675B0DA1BC1267A0047685A /* ViewController.h */,
				D675B0DB1BC1267A0047685A /* ViewController.m */,
				D675B0DD1BC1267A0047685A /* Main.storyboard */,
				D675B0E01BC1267A0047685A /* Images.xcassets */,
				D675B0E21BC1267A0047685A /* LaunchScreen.xib */,
				D675B0D31BC1267A0047685A /* Supporting Files */,
			);
			path = push;
			sourceTree = "<group>";
		};
		D675B0D31BC1267A0047685A /* Supporting Files */ = {
			isa = PBXGroup;
			children = (
				D675B0D41BC1267A0047685A /* Info.plist */,
				D675B0D51BC1267A0047685A /* main.m */,
			);
			name = "Supporting Files";
			sourceTree = "<group>";
		};
		D675B0EC1BC1267A0047685A /* pushTests */ = {
			isa = PBXGroup;
			children = (
				D675B0EF1BC1267A0047685A /* pushTests.m */,
				D675B0ED1BC1267A0047685A /* Supporting Files */,
			);
			path = pushTests;
			sourceTree = "<group>";
		};
		D675B0ED1BC1267A0047685A /* Supporting Files */ = {
			isa = PBXGroup;
			children = (
				D675B0EE1BC1267A0047685A /* Info.plist */,
			);
			name = "Supporting Files";
			sourceTree = "<group>";
		};
/* End PBXGroup section */

/* Begin PBXNativeTarget section */
		D675B0CF1BC1267A0047685A /* push */ = {
			isa = PBXNativeTarget;
			buildConfigurationList = D675B0F31BC1267A0047685A /* Build configuration list for PBXNativeTarget "push" */;
			buildPhases = (
				D675B0CC1BC1267A0047685A /* Sources */,
				D675B0CD1BC1267A0047685A /* Frameworks */,
				D675B0CE1BC1267A0047685A /* Resources */,
			);
			buildRules = (
			);
			dependencies = (
			);
			name = push;
			productName = push;
			productReference = D675B0D01BC1267A0047685A /* push.app */;
			productType = "com.apple.product-type.application";
		};
		D675B0E81BC1267A0047685A /* pushTests */ = {
			isa = PBXNativeTarget;
			buildConfigurationList = D675B0F61BC1267A0047685A /* Build configuration list for PBXNativeTarget "pushTests" */;
			buildPhases = (
				D675B0E51BC1267A0047685A /* Sources */,
				D675B0E61BC1267A0047685A /* Frameworks */,
				D675B0E71BC1267A0047685A /* Resources */,
			);
			buildRules = (
			);
			dependencies = (
				D675B0EB1BC1267A0047685A /* PBXTargetDependency */,
			);
			name = pushTests;
			productName = pushTests;
			productReference = D675B0E91BC1267A0047685A /* pushTests.xctest */;
			productType = "com.apple.product-type.bundle.unit-test";
		};
/* End PBXNativeTarget section */

/* Begin PBXProject section */
		D675B0C81BC1267A0047685A /* Project object */ = {
			isa = PBXProject;
			attributes = {
				LastUpgradeCheck = 0640;
				ORGANIZATIONNAME = "王展";
				TargetAttributes = {
					D675B0CF1BC1267A0047685A = {
						CreatedOnToolsVersion = 6.4;
					};
					D675B0E81BC1267A0047685A = {
						CreatedOnToolsVersion = 6.4;
						TestTargetID = D675B0CF1BC1267A0047685A;
					};
				};
			};
			buildConfigurationList = D675B0CB1BC1267A0047685A /* Build configuration list for PBXProject "push" */;
			compatibilityVersion = "Xcode 3.2";
			developmentRegion = English;
			hasScannedForEncodings = 0;
			knownRegions = (
				en,
				Base,
			);
			mainGroup = D675B0C71BC1267A0047685A;
			productRefGroup = D675B0D11BC1267A0047685A /* Products */;
			projectDirPath = "";
			projectRoot = "";
			targets = (
				D675B0CF1BC1267A0047685A /* push */,
				D675B0E81BC1267A0047685A /* pushTests */,
			);
		};
/* End PBXProject section */

/* Begin PBXResourcesBuildPhase section */
		D675B0CE1BC1267A0047685A /* Resources */ = {
			isa = PBXResourcesBuildPhase;
			buildActionMask = 2147483647;
			files = (
				D675B0DF1BC1267A0047685A /* Main.storyboard in Resources */,
				D675B0E41BC1267A0047685A /* LaunchScreen.xib in Resources */,
				D675B0E11BC1267A0047685A /* Images.xcassets in Resources */,
			);
			runOnlyForDeploymentPostprocessing = 0;
		};
		D675B0E71BC1267A0047685A /* Resources */ = {
			isa = PBXResourcesBuildPhase;
			buildActionMask = 2147483647;
			files = (
			);
			runOnlyForDeploymentPostprocessing = 0;
		};
/* End PBXResourcesBuildPhase section */

/* Begin PBXSourcesBuildPhase section */
		D675B0CC1BC1267A0047685A /* Sources */ = {
			isa = PBXSourcesBuildPhase;
			buildActionMask = 2147483647;
			files = (
				D675B0DC1BC1267A0047685A /* ViewController.m in Sources */,
				D675B0D91BC1267A0047685A /* AppDelegate.m in Sources */,
				D675B0D61BC1267A0047685A /* main.m in Sources */,
			);
			runOnlyForDeploymentPostprocessing = 0;
		};
		D675B0E51BC1267A0047685A /* Sources */ = {
			isa = PBXSourcesBuildPhase;
			buildActionMask = 2147483647;
			files = (
				D675B0F01BC1267A0047685A /* pushTests.m in Sources */,
			);
			runOnlyForDeploymentPostprocessing = 0;
		};
/* End PBXSourcesBuildPhase section */

/* Begin PBXTargetDependency section */
		D675B0EB1BC1267A0047685A /* PBXTargetDependency */ = {
			isa = PBXTargetDependency;
			target = D675B0CF1BC1267A0047685A /* push */;
			targetProxy = D675B0EA1BC1267A0047685A /* PBXContainerItemProxy */;
		};
/* End PBXTargetDependency section */

/* Begin PBXVariantGroup section */
		D675B0DD1BC1267A0047685A /* Main.storyboard */ = {
			isa = PBXVariantGroup;
			children = (
				D675B0DE1BC1267A0047685A /* Base */,
			);
			name = Main.storyboard;
			sourceTree = "<group>";
		};
		D675B0E21BC1267A0047685A /* LaunchScreen.xib */ = {
			isa = PBXVariantGroup;
			children = (
				D675B0E31BC1267A0047685A /* Base */,
			);
			name = LaunchScreen.xib;
			sourceTree = "<group>";
		};
/* End PBXVariantGroup section */

/* Begin XCBuildConfiguration section */
		D675B0F11BC1267A0047685A /* Debug */ = {
			isa = XCBuildConfiguration;
			buildSettings = {
				ALWAYS_SEARCH_USER_PATHS = NO;
				CLANG_CXX_LANGUAGE_STANDARD = "gnu++0x";
				CLANG_CXX_LIBRARY = "libc++";
				CLANG_ENABLE_MODULES = YES;
				CLANG_ENABLE_OBJC_ARC = YES;
				CLANG_WARN_BOOL_CONVERSION = YES;
				CLANG_WARN_CONSTANT_CONVERSION = YES;
				CLANG_WARN_DIRECT_OBJC_ISA_USAGE = YES_ERROR;
				CLANG_WARN_EMPTY_BODY = YES;
				CLANG_WARN_ENUM_CONVERSION = YES;
				CLANG_WARN_INT_CONVERSION = YES;
				CLANG_WARN_OBJC_ROOT_CLASS = YES_ERROR;
				CLANG_WARN_UNREACHABLE_CODE = YES;
				CLANG_WARN__DUPLICATE_METHOD_MATCH = YES;
				"CODE_SIGN_IDENTITY[sdk=iphoneos*]" = "iPhone Developer";
				COPY_PHASE_STRIP = NO;
				DEBUG_INFORMATION_FORMAT = "dwarf-with-dsym";
				ENABLE_STRICT_OBJC_MSGSEND = YES;
				GCC_C_LANGUAGE_STANDARD = gnu99;
				GCC_DYNAMIC_NO_PIC = NO;
				GCC_NO_COMMON_BLOCKS = YES;
				GCC_OPTIMIZATION_LEVEL = 0;
				GCC_PREPROCESSOR_DEFINITIONS = (
					"DEBUG=1",
					"$(inherited)",
				);
				GCC_SYMBOLS_PRIVATE_EXTERN = NO;
				GCC_WARN_64_TO_32_BIT_CONVERSION = YES;
				GCC_WARN_ABOUT_RETURN_TYPE = YES_ERROR;
				GCC_WARN_UNDECLARED_SELECTOR = YES;
				GCC_WARN_UNINITIALIZED_AUTOS = YES_AGGRESSIVE;
				GCC_WARN_UNUSED_FUNCTION = YES;
				GCC_WARN_UNUSED_VARIABLE = YES;
				IPHONEOS_DEPLOYMENT_TARGET = 8.4;
				MTL_ENABLE_DEBUG_INFO = YES;
				ONLY_ACTIVE_ARCH = YES;
				SDKROOT = iphoneos;
			};
			name = Debug;
		};
		D675B0F21BC1267A0047685A /* Release */ = {
			isa = XCBuildConfiguration;
			buildSettings = {
				ALWAYS_SEARCH_USER_PATHS = NO;
				CLANG_CXX_LANGUAGE_STANDARD = "gnu++0x";
				CLANG_CXX_LIBRARY = "libc++";
				CLANG_ENABLE_MODULES = YES;
				CLANG_ENABLE_OBJC_ARC = YES;
				CLANG_WARN_BOOL_CONVERSION = YES;
				CLANG_WARN_CONSTANT_CONVERSION = YES;
				CLANG_WARN_DIRECT_OBJC_ISA_USAGE = YES_ERROR;
				CLANG_WARN_EMPTY_BODY = YES;
				CLANG_WARN_ENUM_CONVERSION = YES;
				CLANG_WARN_INT_CONVERSION = YES;
				CLANG_WARN_OBJC_ROOT_CLASS = YES_ERROR;
				CLANG_WARN_UNREACHABLE_CODE = YES;
				CLANG_WARN__DUPLICATE_METHOD_MATCH = YES;
				"CODE_SIGN_IDENTITY[sdk=iphoneos*]" = "iPhone Developer";
				COPY_PHASE_STRIP = NO;
				DEBUG_INFORMATION_FORMAT = "dwarf-with-dsym";
				ENABLE_NS_ASSERTIONS = NO;
				ENABLE_STRICT_OBJC_MSGSEND = YES;
				GCC_C_LANGUAGE_STANDARD = gnu99;
				GCC_NO_COMMON_BLOCKS = YES;
				GCC_WARN_64_TO_32_BIT_CONVERSION = YES;
				GCC_WARN_ABOUT_RETURN_TYPE = YES_ERROR;
				GCC_WARN_UNDECLARED_SELECTOR = YES;
				GCC_WARN_UNINITIALIZED_AUTOS = YES_AGGRESSIVE;
				GCC_WARN_UNUSED_FUNCTION = YES;
				GCC_WARN_UNUSED_VARIABLE = YES;
				IPHONEOS_DEPLOYMENT_TARGET = 8.4;
				MTL_ENABLE_DEBUG_INFO = NO;
				SDKROOT = iphoneos;
				VALIDATE_PRODUCT = YES;
			};
			name = Release;
		};
		D675B0F41BC1267A0047685A /* Debug */ = {
			isa = XCBuildConfiguration;
			buildSettings = {
				ASSETCATALOG_COMPILER_APPICON_NAME = AppIcon;
				INFOPLIST_FILE = push/Info.plist;
				IPHONEOS_DEPLOYMENT_TARGET = 7.0;
				LD_RUNPATH_SEARCH_PATHS = "$(inherited) @executable_path/Frameworks";
				PRODUCT_NAME = "$(TARGET_NAME)";
			};
			name = Debug;
		};
		D675B0F51BC1267A0047685A /* Release */ = {
			isa = XCBuildConfiguration;
			buildSettings = {
				ASSETCATALOG_COMPILER_APPICON_NAME = AppIcon;
				INFOPLIST_FILE = push/Info.plist;
				IPHONEOS_DEPLOYMENT_TARGET = 7.0;
				LD_RUNPATH_SEARCH_PATHS = "$(inherited) @executable_path/Frameworks";
				PRODUCT_NAME = "$(TARGET_NAME)";
			};
			name = Release;
		};
		D675B0F71BC1267A0047685A /* Debug */ = {
			isa = XCBuildConfiguration;
			buildSettings = {
				BUNDLE_LOADER = "$(TEST_HOST)";
				FRAMEWORK_SEARCH_PATHS = (
					"$(SDKROOT)/Developer/Library/Frameworks",
					"$(inherited)",
				);
				GCC_PREPROCESSOR_DEFINITIONS = (
					"DEBUG=1",
					"$(inherited)",
				);
				INFOPLIST_FILE = pushTests/Info.plist;
				LD_RUNPATH_SEARCH_PATHS = "$(inherited) @executable_path/Frameworks @loader_path/Frameworks";
				PRODUCT_NAME = "$(TARGET_NAME)";
				TEST_HOST = "$(BUILT_PRODUCTS_DIR)/push.app/push";
			};
			name = Debug;
		};
		D675B0F81BC1267A0047685A /* Release */ = {
			isa = XCBuildConfiguration;
			buildSettings = {
				BUNDLE_LOADER = "$(TEST_HOST)";
				FRAMEWORK_SEARCH_PATHS = (
					"$(SDKROOT)/Developer/Library/Frameworks",
					"$(inherited)",
				);
				INFOPLIST_FILE = pushTests/Info.plist;
				LD_RUNPATH_SEARCH_PATHS = "$(inherited) @executable_path/Frameworks @loader_path/Frameworks";
				PRODUCT_NAME = "$(TARGET_NAME)";
				TEST_HOST = "$(BUILT_PRODUCTS_DIR)/push.app/push";
			};
			name = Release;
		};
/* End XCBuildConfiguration section */

/* Begin XCConfigurationList section */
		D675B0CB1BC1267A0047685A /* Build configuration list for PBXProject "push" */ = {
			isa = XCConfigurationList;
			buildConfigurations = (
				D675B0F11BC1267A0047685A /* Debug */,
				D675B0F21BC1267A0047685A /* Release */,
			);
			defaultConfigurationIsVisible = 0;
			defaultConfigurationName = Release;
		};
		D675B0F31BC1267A0047685A /* Build configuration list for PBXNativeTarget "push" */ = {
			isa = XCConfigurationList;
			buildConfigurations = (
				D675B0F41BC1267A0047685A /* Debug */,
				D675B0F51BC1267A0047685A /* Release */,
			);
			defaultConfigurationIsVisible = 0;
		};
		D675B0F61BC1267A0047685A /* Build configuration list for PBXNativeTarget "pushTests" */ = {
			isa = XCConfigurationList;
			buildConfigurations = (
				D675B0F71BC1267A0047685A /* Debug */,
				D675B0F81BC1267A0047685A /* Release */,
			);
			defaultConfigurationIsVisible = 0;
		};
/* End XCConfigurationList section */
	};
	rootObject = D675B0C81BC1267A0047685A /* Project object */;
}
